{
  "name": "@divriots/play-user-event",
  "version": "0.0.1",
  "lockfileVersion": 2,
  "requires": true,
  "packages": {
    "": {
      "name": "@divriots/play-user-event",
      "version": "0.0.1",
      "dependencies": {
        "@testing-library/user-event": "^13.2.0"
      },
      "devDependencies": {
        "@testing-library/dom": "^8.1.0",
        "typescript": "^4.3.5"
      }
    },
    "node_modules/@babel/code-frame": {
      "version": "7.14.5",
      "license": "MIT",
      "dependencies": {
        "@babel/highlight": "^7.14.5"
      },
      "engines": {
        "node": ">=6.9.0"
      }
    },
    "node_modules/@babel/helper-validator-identifier": {
      "version": "7.14.8",
      "license": "MIT",
      "engines": {
        "node": ">=6.9.0"
      }
    },
    "node_modules/@babel/highlight": {
      "version": "7.14.5",
      "license": "MIT",
      "dependencies": {
        "@babel/helper-validator-identifier": "^7.14.5",
        "chalk": "^2.0.0",
        "js-tokens": "^4.0.0"
      },
      "engines": {
        "node": ">=6.9.0"
      }
    },
    "node_modules/@babel/highlight/node_modules/ansi-styles": {
      "version": "3.2.1",
      "license": "MIT",
      "dependencies": {
        "color-convert": "^1.9.0"
      },
      "engines": {
        "node": ">=4"
      }
    },
    "node_modules/@babel/highlight/node_modules/chalk": {
      "version": "2.4.2",
      "license": "MIT",
      "dependencies": {
        "ansi-styles": "^3.2.1",
        "escape-string-regexp": "^1.0.5",
        "supports-color": "^5.3.0"
      },
      "engines": {
        "node": ">=4"
      }
    },
    "node_modules/@babel/highlight/node_modules/color-convert": {
      "version": "1.9.3",
      "license": "MIT",
      "dependencies": {
        "color-name": "1.1.3"
      }
    },
    "node_modules/@babel/highlight/node_modules/color-name": {
      "version": "1.1.3",
      "license": "MIT"
    },
    "node_modules/@babel/highlight/node_modules/has-flag": {
      "version": "3.0.0",
      "license": "MIT",
      "engines": {
        "node": ">=4"
      }
    },
    "node_modules/@babel/highlight/node_modules/supports-color": {
      "version": "5.5.0",
      "license": "MIT",
      "dependencies": {
        "has-flag": "^3.0.0"
      },
      "engines": {
        "node": ">=4"
      }
    },
    "node_modules/@babel/runtime": {
      "version": "7.14.8",
      "license": "MIT",
      "dependencies": {
        "regenerator-runtime": "^0.13.4"
      },
      "engines": {
        "node": ">=6.9.0"
      }
    },
    "node_modules/@babel/runtime-corejs3": {
      "version": "7.14.8",
      "license": "MIT",
      "dependencies": {
        "core-js-pure": "^3.15.0",
        "regenerator-runtime": "^0.13.4"
      },
      "engines": {
        "node": ">=6.9.0"
      }
    },
    "node_modules/@jest/types": {
      "version": "27.0.6",
      "license": "MIT",
      "dependencies": {
        "@types/istanbul-lib-coverage": "^2.0.0",
        "@types/istanbul-reports": "^3.0.0",
        "@types/node": "*",
        "@types/yargs": "^16.0.0",
        "chalk": "^4.0.0"
      },
      "engines": {
        "node": "^10.13.0 || ^12.13.0 || ^14.15.0 || >=15.0.0"
      }
    },
    "node_modules/@testing-library/dom": {
      "version": "8.1.0",
      "license": "MIT",
      "dependencies": {
        "@babel/code-frame": "^7.10.4",
        "@babel/runtime": "^7.12.5",
        "@types/aria-query": "^4.2.0",
        "aria-query": "^4.2.2",
        "chalk": "^4.1.0",
        "dom-accessibility-api": "^0.5.6",
        "lz-string": "^1.4.4",
        "pretty-format": "^27.0.2"
      },
      "engines": {
        "node": ">=12"
      }
    },
    "node_modules/@testing-library/user-event": {
      "version": "13.2.0",
      "license": "MIT",
      "dependencies": {
        "@babel/runtime": "^7.12.5"
      },
      "engines": {
        "node": ">=10",
        "npm": ">=6"
      },
      "peerDependencies": {
        "@testing-library/dom": ">=7.21.4"
      }
    },
    "node_modules/@types/aria-query": {
      "version": "4.2.2",
      "license": "MIT"
    },
    "node_modules/@types/istanbul-lib-coverage": {
      "version": "2.0.3",
      "license": "MIT"
    },
    "node_modules/@types/istanbul-lib-report": {
      "version": "3.0.0",
      "license": "MIT",
      "dependencies": {
        "@types/istanbul-lib-coverage": "*"
      }
    },
    "node_modules/@types/istanbul-reports": {
      "version": "3.0.1",
      "license": "MIT",
      "dependencies": {
        "@types/istanbul-lib-report": "*"
      }
    },
    "node_modules/@types/node": {
      "version": "16.4.1",
      "license": "MIT"
    },
    "node_modules/@types/yargs": {
      "version": "16.0.4",
      "license": "MIT",
      "dependencies": {
        "@types/yargs-parser": "*"
      }
    },
    "node_modules/@types/yargs-parser": {
      "version": "20.2.1",
      "license": "MIT"
    },
    "node_modules/ansi-regex": {
      "version": "5.0.1",
      "resolved": "https://registry.npmjs.org/ansi-regex/-/ansi-regex-5.0.1.tgz",
      "integrity": "sha512-quJQXlTSUGL2LH9SUXo8VwsY4soanhgo6LNSm84E1LBcE8s3O0wpdiRzyR9z/ZZJMlMWv37qOOb9pdJlMUEKFQ==",
      "engines": {
        "node": ">=8"
      }
    },
    "node_modules/ansi-styles": {
      "version": "4.3.0",
      "license": "MIT",
      "dependencies": {
        "color-convert": "^2.0.1"
      },
      "engines": {
        "node": ">=8"
      },
      "funding": {
        "url": "https://github.com/chalk/ansi-styles?sponsor=1"
      }
    },
    "node_modules/aria-query": {
      "version": "4.2.2",
      "license": "Apache-2.0",
      "dependencies": {
        "@babel/runtime": "^7.10.2",
        "@babel/runtime-corejs3": "^7.10.2"
      },
      "engines": {
        "node": ">=6.0"
      }
    },
    "node_modules/chalk": {
      "version": "4.1.1",
      "license": "MIT",
      "dependencies": {
        "ansi-styles": "^4.1.0",
        "supports-color": "^7.1.0"
      },
      "engines": {
        "node": ">=10"
      },
      "funding": {
        "url": "https://github.com/chalk/chalk?sponsor=1"
      }
    },
    "node_modules/color-convert": {
      "version": "2.0.1",
      "license": "MIT",
      "dependencies": {
        "color-name": "~1.1.4"
      },
      "engines": {
        "node": ">=7.0.0"
      }
    },
    "node_modules/color-name": {
      "version": "1.1.4",
      "license": "MIT"
    },
    "node_modules/core-js-pure": {
      "version": "3.15.2",
      "hasInstallScript": true,
      "license": "MIT",
      "funding": {
        "type": "opencollective",
        "url": "https://opencollective.com/core-js"
      }
    },
    "node_modules/dom-accessibility-api": {
      "version": "0.5.6",
      "license": "MIT"
    },
    "node_modules/escape-string-regexp": {
      "version": "1.0.5",
      "license": "MIT",
      "engines": {
        "node": ">=0.8.0"
      }
    },
    "node_modules/has-flag": {
      "version": "4.0.0",
      "license": "MIT",
      "engines": {
        "node": ">=8"
      }
    },
    "node_modules/js-tokens": {
      "version": "4.0.0",
      "license": "MIT"
    },
    "node_modules/lz-string": {
      "version": "1.4.4",
      "license": "WTFPL",
      "bin": {
        "lz-string": "bin/bin.js"
      }
    },
    "node_modules/pretty-format": {
      "version": "27.0.6",
      "license": "MIT",
      "dependencies": {
        "@jest/types": "^27.0.6",
        "ansi-regex": "^5.0.0",
        "ansi-styles": "^5.0.0",
        "react-is": "^17.0.1"
      },
      "engines": {
        "node": "^10.13.0 || ^12.13.0 || ^14.15.0 || >=15.0.0"
      }
    },
    "node_modules/pretty-format/node_modules/ansi-styles": {
      "version": "5.2.0",
      "license": "MIT",
      "engines": {
        "node": ">=10"
      },
      "funding": {
        "url": "https://github.com/chalk/ansi-styles?sponsor=1"
      }
    },
    "node_modules/react-is": {
      "version": "17.0.2",
      "license": "MIT"
    },
    "node_modules/regenerator-runtime": {
      "version": "0.13.9",
      "license": "MIT"
    },
    "node_modules/supports-color": {
      "version": "7.2.0",
      "license": "MIT",
      "dependencies": {
        "has-flag": "^4.0.0"
      },
      "engines": {
        "node": ">=8"
      }
    },
    "node_modules/typescript": {
      "version": "4.3.5",
      "dev": true,
      "license": "Apache-2.0",
      "bin": {
        "tsc": "bin/tsc",
        "tsserver": "bin/tsserver"
      },
      "engines": {
        "node": ">=4.2.0"
      }
    }
  },
  "dependencies": {
    "@babel/code-frame": {
      "version": "7.14.5",
      "requires": {
        "@babel/highlight": "^7.14.5"
      }
    },
    "@babel/helper-validator-identifier": {
      "version": "7.14.8"
    },
    "@babel/highlight": {
      "version": "7.14.5",
      "requires": {
        "@babel/helper-validator-identifier": "^7.14.5",
        "chalk": "^2.0.0",
        "js-tokens": "^4.0.0"
      },
      "dependencies": {
        "ansi-styles": {
          "version": "3.2.1",
          "requires": {
            "color-convert": "^1.9.0"
          }
        },
        "chalk": {
          "version": "2.4.2",
          "requires": {
            "ansi-styles": "^3.2.1",
            "escape-string-regexp": "^1.0.5",
            "supports-color": "^5.3.0"
          }
        },
        "color-convert": {
          "version": "1.9.3",
          "requires": {
            "color-name": "1.1.3"
          }
        },
        "color-name": {
          "version": "1.1.3"
        },
        "has-flag": {
          "version": "3.0.0"
        },
        "supports-color": {
          "version": "5.5.0",
          "requires": {
            "has-flag": "^3.0.0"
          }
        }
      }
    },
    "@babel/runtime": {
      "version": "7.14.8",
      "requires": {
        "regenerator-runtime": "^0.13.4"
      }
    },
    "@babel/runtime-corejs3": {
      "version": "7.14.8",
      "requires": {
        "core-js-pure": "^3.15.0",
        "regenerator-runtime": "^0.13.4"
      }
    },
    "@jest/types": {
      "version": "27.0.6",
      "requires": {
        "@types/istanbul-lib-coverage": "^2.0.0",
        "@types/istanbul-reports": "^3.0.0",
        "@types/node": "*",
        "@types/yargs": "^16.0.0",
        "chalk": "^4.0.0"
      }
    },
    "@testing-library/dom": {
      "version": "8.1.0",
      "requires": {
        "@babel/code-frame": "^7.10.4",
        "@babel/runtime": "^7.12.5",
        "@types/aria-query": "^4.2.0",
        "aria-query": "^4.2.2",
        "chalk": "^4.1.0",
        "dom-accessibility-api": "^0.5.6",
        "lz-string": "^1.4.4",
        "pretty-format": "^27.0.2"
      }
    },
    "@testing-library/user-event": {
      "version": "13.2.0",
      "requires": {
        "@babel/runtime": "^7.12.5"
      }
    },
    "@types/aria-query": {
      "version": "4.2.2"
    },
    "@types/istanbul-lib-coverage": {
      "version": "2.0.3"
    },
    "@types/istanbul-lib-report": {
      "version": "3.0.0",
      "requires": {
        "@types/istanbul-lib-coverage": "*"
      }
    },
    "@types/istanbul-reports": {
      "version": "3.0.1",
      "requires": {
        "@types/istanbul-lib-report": "*"
      }
    },
    "@types/node": {
      "version": "16.4.1"
    },
    "@types/yargs": {
      "version": "16.0.4",
      "requires": {
        "@types/yargs-parser": "*"
      }
    },
    "@types/yargs-parser": {
      "version": "20.2.1"
    },
    "ansi-regex": {
      "version": "5.0.1",
      "resolved": "https://registry.npmjs.org/ansi-regex/-/ansi-regex-5.0.1.tgz",
      "integrity": "sha512-quJQXlTSUGL2LH9SUXo8VwsY4soanhgo6LNSm84E1LBcE8s3O0wpdiRzyR9z/ZZJMlMWv37qOOb9pdJlMUEKFQ=="
    },
    "ansi-styles": {
      "version": "4.3.0",
      "requires": {
        "color-convert": "^2.0.1"
      }
    },
    "aria-query": {
      "version": "4.2.2",
      "requires": {
        "@babel/runtime": "^7.10.2",
        "@babel/runtime-corejs3": "^7.10.2"
      }
    },
    "chalk": {
      "version": "4.1.1",
      "requires": {
        "ansi-styles": "^4.1.0",
        "supports-color": "^7.1.0"
      }
    },
    "color-convert": {
      "version": "2.0.1",
      "requires": {
        "color-name": "~1.1.4"
      }
    },
    "color-name": {
      "version": "1.1.4"
    },
    "core-js-pure": {
      "version": "3.15.2"
    },
    "dom-accessibility-api": {
      "version": "0.5.6"
    },
    "escape-string-regexp": {
      "version": "1.0.5"
    },
    "has-flag": {
      "version": "4.0.0"
    },
    "js-tokens": {
      "version": "4.0.0"
    },
    "lz-string": {
      "version": "1.4.4"
    },
    "pretty-format": {
      "version": "27.0.6",
      "requires": {
        "@jest/types": "^27.0.6",
        "ansi-regex": "^5.0.0",
        "ansi-styles": "^5.0.0",
        "react-is": "^17.0.1"
      },
      "dependencies": {
        "ansi-styles": {
          "version": "5.2.0"
        }
      }
    },
    "react-is": {
      "version": "17.0.2"
    },
    "regenerator-runtime": {
      "version": "0.13.9"
    },
    "supports-color": {
      "version": "7.2.0",
      "requires": {
        "has-flag": "^4.0.0"
      }
    },
    "typescript": {
      "version": "4.3.5",
      "dev": true
    }
  }
}
